
Microsoft Visual Studio Solution File, Format Version 12.00
# Visual Studio Version 16
VisualStudioVersion = 16.0.28917.182
MinimumVisualStudioVersion = 10.0.40219.1
Project("{FAE04EC0-301F-11D3-BF4B-00C04F79EFBC}") = "TripTracker", "TripTracker\TripTracker.csproj", "{BC2CDAB9-05FA-48F2-86C8-3910F38CC013}"
EndProject
Project("{FAE04EC0-301F-11D3-BF4B-00C04F79EFBC}") = "Core", "Core\Core.csproj", "{080552B8-5ADE-430E-831B-1DBB20E79F81}"
EndProject
Project("{FAE04EC0-301F-11D3-BF4B-00C04F79EFBC}") = "UnitTests", "UnitTests\UnitTests.csproj", "{5B077BBA-88EC-43D9-9462-868EFA91A5C2}"
EndProject
Global
	GlobalSection(SolutionConfigurationPlatforms) = preSolution
		Debug|Any CPU = Debug|Any CPU
		Release|Any CPU = Release|Any CPU
	EndGlobalSection
	GlobalSection(ProjectConfigurationPlatforms) = postSolution
		{BC2CDAB9-05FA-48F2-86C8-3910F38CC013}.Debug|Any CPU.ActiveCfg = Debug|Any CPU
		{BC2CDAB9-05FA-48F2-86C8-3910F38CC013}.Debug|Any CPU.Build.0 = Debug|Any CPU
		{BC2CDAB9-05FA-48F2-86C8-3910F38CC013}.Release|Any CPU.ActiveCfg = Release|Any CPU
		{BC2CDAB9-05FA-48F2-86C8-3910F38CC013}.Release|Any CPU.Build.0 = Release|Any CPU
		{080552B8-5ADE-430E-831B-1DBB20E79F81}.Debug|Any CPU.ActiveCfg = Debug|Any CPU
		{080552B8-5ADE-430E-831B-1DBB20E79F81}.Debug|Any CPU.Build.0 = Debug|Any CPU
		{080552B8-5ADE-430E-831B-1DBB20E79F81}.Release|Any CPU.ActiveCfg = Release|Any CPU
		{080552B8-5ADE-430E-831B-1DBB20E79F81}.Release|Any CPU.Build.0 = Release|Any CPU
		{5B077BBA-88EC-43D9-9462-868EFA91A5C2}.Debug|Any CPU.ActiveCfg = Debug|Any CPU
		{5B077BBA-88EC-43D9-9462-868EFA91A5C2}.Debug|Any CPU.Build.0 = Debug|Any CPU
		{5B077BBA-88EC-43D9-9462-868EFA91A5C2}.Release|Any CPU.ActiveCfg = Release|Any CPU
		{5B077BBA-88EC-43D9-9462-868EFA91A5C2}.Release|Any CPU.Build.0 = Release|Any CPU
	EndGlobalSection
	GlobalSection(SolutionProperties) = preSolution
		HideSolutionNode = FALSE
	EndGlobalSection
	GlobalSection(ExtensibilityGlobals) = postSolution
		SolutionGuid = {9490E2A2-17BD-4109-AC74-7AA327EE1E34}
	EndGlobalSection
EndGlobal
